
Microsoft Visual Studio Solution File, Format Version 12.00
# Visual Studio Version 16
VisualStudioVersion = 16.0.32413.511
MinimumVisualStudioVersion = 10.0.40219.1
Project("{FAE04EC0-301F-11D3-BF4B-00C04F79EFBC}") = "BackBiblioteca", "BackBiblioteca\BackBiblioteca.csproj", "{4D649429-E51F-4E32-BAD2-75B968484D6F}"
EndProject
Global
	GlobalSection(SolutionConfigurationPlatforms) = preSolution
		Debug|Any CPU = Debug|Any CPU
		Release|Any CPU = Release|Any CPU
	EndGlobalSection
	GlobalSection(ProjectConfigurationPlatforms) = postSolution
		{4D649429-E51F-4E32-BAD2-75B968484D6F}.Debug|Any CPU.ActiveCfg = Debug|Any CPU
		{4D649429-E51F-4E32-BAD2-75B968484D6F}.Debug|Any CPU.Build.0 = Debug|Any CPU
		{4D649429-E51F-4E32-BAD2-75B968484D6F}.Release|Any CPU.ActiveCfg = Release|Any CPU
		{4D649429-E51F-4E32-BAD2-75B968484D6F}.Release|Any CPU.Build.0 = Release|Any CPU
	EndGlobalSection
	GlobalSection(SolutionProperties) = preSolution
		HideSolutionNode = FALSE
	EndGlobalSection
	GlobalSection(ExtensibilityGlobals) = postSolution
		SolutionGuid = {A9DD3F08-D505-4DFB-A79E-F2B0A0A12405}
	EndGlobalSection
EndGlobal
